
Microsoft Visual Studio Solution File, Format Version 12.00
# Visual Studio 15
VisualStudioVersion = 15.0.27703.2042
MinimumVisualStudioVersion = 10.0.40219.1
Project("{FAE04EC0-301F-11D3-BF4B-00C04F79EFBC}") = "ConsoleApp1", "ConsoleApp1\ConsoleApp1.csproj", "{A2CC4702-C1F3-479B-B462-C420707BD2A0}"
EndProject
Global
	GlobalSection(SolutionConfigurationPlatforms) = preSolution
		Debug|Any CPU = Debug|Any CPU
		Release|Any CPU = Release|Any CPU
	EndGlobalSection
	GlobalSection(ProjectConfigurationPlatforms) = postSolution
		{A2CC4702-C1F3-479B-B462-C420707BD2A0}.Debug|Any CPU.ActiveCfg = Debug|Any CPU
		{A2CC4702-C1F3-479B-B462-C420707BD2A0}.Debug|Any CPU.Build.0 = Debug|Any CPU
		{A2CC4702-C1F3-479B-B462-C420707BD2A0}.Release|Any CPU.ActiveCfg = Release|Any CPU
		{A2CC4702-C1F3-479B-B462-C420707BD2A0}.Release|Any CPU.Build.0 = Release|Any CPU
	EndGlobalSection
	GlobalSection(SolutionProperties) = preSolution
		HideSolutionNode = FALSE
	EndGlobalSection
	GlobalSection(ExtensibilityGlobals) = postSolution
		SolutionGuid = {E1E2C334-FC73-439F-975D-4A9887D536B1}
	EndGlobalSection
EndGlobal
